
Microsoft Visual Studio Solution File, Format Version 12.00
# Visual Studio Version 17
VisualStudioVersion = 17.9.34723.18
MinimumVisualStudioVersion = 10.0.40219.1
Project("{2150E333-8FDC-42A3-9474-1A3956D46DE8}") = "APIServices", "APIServices", "{1EC03E7B-6B6E-4B89-BDAB-9FB4142CEEF1}"
EndProject
Project("{2150E333-8FDC-42A3-9474-1A3956D46DE8}") = "Catalog", "Catalog", "{8BEF4B9E-B429-42EE-AC95-C1D592F1300F}"
EndProject
Project("{9A19103F-16F7-4668-BE54-9A1E7A4F7556}") = "Catalog.API", "Catalog\Catalog.API\Catalog.API.csproj", "{1B58EC85-1D00-4B05-B128-221858E7DB34}"
EndProject
Project("{2150E333-8FDC-42A3-9474-1A3956D46DE8}") = "ClassLib", "ClassLib", "{442F0902-9B65-4746-9FBC-4ECB6D3670AB}"
EndProject
Project("{9A19103F-16F7-4668-BE54-9A1E7A4F7556}") = "ClassLib", "ClassLib\ClassLib\ClassLib.csproj", "{15A4C787-DE27-4BF2-8529-001B03F80A20}"
EndProject
Project("{E53339B2-1760-4266-BCC7-CA923CBCF16C}") = "docker-compose", "docker-compose.dcproj", "{04A6D802-A768-4A6C-B03B-6FBC8AB1D3DF}"
EndProject
Project("{2150E333-8FDC-42A3-9474-1A3956D46DE8}") = "Basket", "Basket", "{0BC78474-4CB2-4766-9DEF-16C556DBF93B}"
EndProject
Project("{9A19103F-16F7-4668-BE54-9A1E7A4F7556}") = "Basket.API", "Basket\Basket.API\Basket.API.csproj", "{8525D48D-E2AC-483F-8AA5-0BEABCB78394}"
EndProject
Project("{2150E333-8FDC-42A3-9474-1A3956D46DE8}") = "Discount", "Discount", "{A2710874-80D8-4262-B54C-186AC49AB923}"
EndProject
Project("{9A19103F-16F7-4668-BE54-9A1E7A4F7556}") = "Discount.Grpc", "Discount\Discount.Grpc\Discount.Grpc.csproj", "{9C2D48BD-2933-41EE-AC9D-1A265BD1209A}"
EndProject
Project("{2150E333-8FDC-42A3-9474-1A3956D46DE8}") = "Ordering", "Ordering", "{1957D826-76B3-4508-8CD9-2396B176F38F}"
EndProject
Project("{FAE04EC0-301F-11D3-BF4B-00C04F79EFBC}") = "Ordering.API", "Ordering\Ordering.API\Ordering.API.csproj", "{03D3564B-599E-4423-BFE9-076802180328}"
EndProject
Project("{FAE04EC0-301F-11D3-BF4B-00C04F79EFBC}") = "Ordering.Domain", "Ordering\Ordering.Domain\Ordering.Domain.csproj", "{248D6740-F4DC-4E5D-BA64-7BBB7A82A0CB}"
EndProject
Project("{FAE04EC0-301F-11D3-BF4B-00C04F79EFBC}") = "Ordering.Application", "Ordering\Ordering.Application\Ordering.Application.csproj", "{11C6FDBE-55FA-4C8A-B8EA-251A040F0A32}"
EndProject
Project("{FAE04EC0-301F-11D3-BF4B-00C04F79EFBC}") = "Ordering.Infrastructure", "Ordering\Ordering.Infrastructure\Ordering.Infrastructure.csproj", "{56076FCD-E1EF-4738-BBE1-D8CDE0A64907}"
EndProject
Global
	GlobalSection(SolutionConfigurationPlatforms) = preSolution
		Debug|Any CPU = Debug|Any CPU
		Release|Any CPU = Release|Any CPU
	EndGlobalSection
	GlobalSection(ProjectConfigurationPlatforms) = postSolution
		{1B58EC85-1D00-4B05-B128-221858E7DB34}.Debug|Any CPU.ActiveCfg = Debug|Any CPU
		{1B58EC85-1D00-4B05-B128-221858E7DB34}.Debug|Any CPU.Build.0 = Debug|Any CPU
		{1B58EC85-1D00-4B05-B128-221858E7DB34}.Release|Any CPU.ActiveCfg = Release|Any CPU
		{1B58EC85-1D00-4B05-B128-221858E7DB34}.Release|Any CPU.Build.0 = Release|Any CPU
		{15A4C787-DE27-4BF2-8529-001B03F80A20}.Debug|Any CPU.ActiveCfg = Debug|Any CPU
		{15A4C787-DE27-4BF2-8529-001B03F80A20}.Debug|Any CPU.Build.0 = Debug|Any CPU
		{15A4C787-DE27-4BF2-8529-001B03F80A20}.Release|Any CPU.ActiveCfg = Release|Any CPU
		{15A4C787-DE27-4BF2-8529-001B03F80A20}.Release|Any CPU.Build.0 = Release|Any CPU
		{04A6D802-A768-4A6C-B03B-6FBC8AB1D3DF}.Debug|Any CPU.ActiveCfg = Debug|Any CPU
		{04A6D802-A768-4A6C-B03B-6FBC8AB1D3DF}.Debug|Any CPU.Build.0 = Debug|Any CPU
		{04A6D802-A768-4A6C-B03B-6FBC8AB1D3DF}.Release|Any CPU.ActiveCfg = Release|Any CPU
		{04A6D802-A768-4A6C-B03B-6FBC8AB1D3DF}.Release|Any CPU.Build.0 = Release|Any CPU
		{8525D48D-E2AC-483F-8AA5-0BEABCB78394}.Debug|Any CPU.ActiveCfg = Debug|Any CPU
		{8525D48D-E2AC-483F-8AA5-0BEABCB78394}.Debug|Any CPU.Build.0 = Debug|Any CPU
		{8525D48D-E2AC-483F-8AA5-0BEABCB78394}.Release|Any CPU.ActiveCfg = Release|Any CPU
		{8525D48D-E2AC-483F-8AA5-0BEABCB78394}.Release|Any CPU.Build.0 = Release|Any CPU
		{9C2D48BD-2933-41EE-AC9D-1A265BD1209A}.Debug|Any CPU.ActiveCfg = Debug|Any CPU
		{9C2D48BD-2933-41EE-AC9D-1A265BD1209A}.Debug|Any CPU.Build.0 = Debug|Any CPU
		{9C2D48BD-2933-41EE-AC9D-1A265BD1209A}.Release|Any CPU.ActiveCfg = Release|Any CPU
		{9C2D48BD-2933-41EE-AC9D-1A265BD1209A}.Release|Any CPU.Build.0 = Release|Any CPU
		{03D3564B-599E-4423-BFE9-076802180328}.Debug|Any CPU.ActiveCfg = Debug|Any CPU
		{03D3564B-599E-4423-BFE9-076802180328}.Debug|Any CPU.Build.0 = Debug|Any CPU
		{03D3564B-599E-4423-BFE9-076802180328}.Release|Any CPU.ActiveCfg = Release|Any CPU
		{03D3564B-599E-4423-BFE9-076802180328}.Release|Any CPU.Build.0 = Release|Any CPU
		{248D6740-F4DC-4E5D-BA64-7BBB7A82A0CB}.Debug|Any CPU.ActiveCfg = Debug|Any CPU
		{248D6740-F4DC-4E5D-BA64-7BBB7A82A0CB}.Debug|Any CPU.Build.0 = Debug|Any CPU
		{248D6740-F4DC-4E5D-BA64-7BBB7A82A0CB}.Release|Any CPU.ActiveCfg = Release|Any CPU
		{248D6740-F4DC-4E5D-BA64-7BBB7A82A0CB}.Release|Any CPU.Build.0 = Release|Any CPU
		{11C6FDBE-55FA-4C8A-B8EA-251A040F0A32}.Debug|Any CPU.ActiveCfg = Debug|Any CPU
		{11C6FDBE-55FA-4C8A-B8EA-251A040F0A32}.Debug|Any CPU.Build.0 = Debug|Any CPU
		{11C6FDBE-55FA-4C8A-B8EA-251A040F0A32}.Release|Any CPU.ActiveCfg = Release|Any CPU
		{11C6FDBE-55FA-4C8A-B8EA-251A040F0A32}.Release|Any CPU.Build.0 = Release|Any CPU
		{56076FCD-E1EF-4738-BBE1-D8CDE0A64907}.Debug|Any CPU.ActiveCfg = Debug|Any CPU
		{56076FCD-E1EF-4738-BBE1-D8CDE0A64907}.Debug|Any CPU.Build.0 = Debug|Any CPU
		{56076FCD-E1EF-4738-BBE1-D8CDE0A64907}.Release|Any CPU.ActiveCfg = Release|Any CPU
		{56076FCD-E1EF-4738-BBE1-D8CDE0A64907}.Release|Any CPU.Build.0 = Release|Any CPU
	EndGlobalSection
	GlobalSection(SolutionProperties) = preSolution
		HideSolutionNode = FALSE
	EndGlobalSection
	GlobalSection(NestedProjects) = preSolution
		{8BEF4B9E-B429-42EE-AC95-C1D592F1300F} = {1EC03E7B-6B6E-4B89-BDAB-9FB4142CEEF1}
		{1B58EC85-1D00-4B05-B128-221858E7DB34} = {8BEF4B9E-B429-42EE-AC95-C1D592F1300F}
		{15A4C787-DE27-4BF2-8529-001B03F80A20} = {442F0902-9B65-4746-9FBC-4ECB6D3670AB}
		{0BC78474-4CB2-4766-9DEF-16C556DBF93B} = {1EC03E7B-6B6E-4B89-BDAB-9FB4142CEEF1}
		{8525D48D-E2AC-483F-8AA5-0BEABCB78394} = {0BC78474-4CB2-4766-9DEF-16C556DBF93B}
		{A2710874-80D8-4262-B54C-186AC49AB923} = {1EC03E7B-6B6E-4B89-BDAB-9FB4142CEEF1}
		{9C2D48BD-2933-41EE-AC9D-1A265BD1209A} = {A2710874-80D8-4262-B54C-186AC49AB923}
		{1957D826-76B3-4508-8CD9-2396B176F38F} = {1EC03E7B-6B6E-4B89-BDAB-9FB4142CEEF1}
		{03D3564B-599E-4423-BFE9-076802180328} = {1957D826-76B3-4508-8CD9-2396B176F38F}
		{248D6740-F4DC-4E5D-BA64-7BBB7A82A0CB} = {1957D826-76B3-4508-8CD9-2396B176F38F}
		{11C6FDBE-55FA-4C8A-B8EA-251A040F0A32} = {1957D826-76B3-4508-8CD9-2396B176F38F}
		{56076FCD-E1EF-4738-BBE1-D8CDE0A64907} = {1957D826-76B3-4508-8CD9-2396B176F38F}
	EndGlobalSection
	GlobalSection(ExtensibilityGlobals) = postSolution
		SolutionGuid = {8E11EA84-9FC0-4A87-B9FB-C3BF672B6FDF}
	EndGlobalSection
EndGlobal
